dependencies:
  idf:
    source:
      type: idf
    version: 6.0.0
  joltwallet/littlefs:
    component_hash: 8e12955f47e27e6070b76715a96d6c75fc2b44f069e8c33679332d9bdd3120c4
    dependencies:
    - name: idf
      require: private
      version: '>=5.0'
    source:
      registry_url: https://components.espressif.com/
      type: service
    version: 1.20.1
direct_dependencies:
- joltwallet/littlefs
manifest_hash: 54e26d1396d80accacdae2df847e987028f7ade2d4f4b5fd540771b29101415e
target: esp32s3
version: 2.0.0
